
Microsoft Visual Studio Solution File, Format Version 12.00
# Visual Studio 14
VisualStudioVersion = 14.0.25420.1
MinimumVisualStudioVersion = 10.0.40219.1
Project("{FAE04EC0-301F-11D3-BF4B-00C04F79EFBC}") = "Repositorio", "Repositorio\Repositorio.csproj", "{37F0DEBA-FC81-45E5-9F51-4E348D446B11}"
EndProject
Project("{FAE04EC0-301F-11D3-BF4B-00C04F79EFBC}") = "Negocio", "Negocio\Negocio.csproj", "{CF20D1CB-D404-40BD-B3F7-B51AD7D2BCA2}"
EndProject
Project("{FAE04EC0-301F-11D3-BF4B-00C04F79EFBC}") = "Web API", "Web API\Web API.csproj", "{E026F15D-F365-471B-950B-C2A53E195EC4}"
EndProject
Project("{FAE04EC0-301F-11D3-BF4B-00C04F79EFBC}") = "Util", "Util\Util.csproj", "{00FB9521-4ECA-43E5-AD5C-2E13B6F8A326}"
EndProject
Project("{FAE04EC0-301F-11D3-BF4B-00C04F79EFBC}") = "InjectionDependence", "InjectionDependence\InjectionDependence.csproj", "{4403572B-DB2E-4972-B104-B7DAE6712197}"
EndProject
Project("{FAE04EC0-301F-11D3-BF4B-00C04F79EFBC}") = "ASP.NET MVC", "ASP.NET MVC\ASP.NET MVC.csproj", "{E6930B50-3EB6-4B42-A70A-0A63542B6F1F}"
EndProject
Project("{FAE04EC0-301F-11D3-BF4B-00C04F79EFBC}") = "UI", "UI\UI.csproj", "{9E208C41-3931-4A89-A100-3D405453B932}"
EndProject
Global
	GlobalSection(SolutionConfigurationPlatforms) = preSolution
		Debug|Any CPU = Debug|Any CPU
		Release|Any CPU = Release|Any CPU
	EndGlobalSection
	GlobalSection(ProjectConfigurationPlatforms) = postSolution
		{37F0DEBA-FC81-45E5-9F51-4E348D446B11}.Debug|Any CPU.ActiveCfg = Debug|Any CPU
		{37F0DEBA-FC81-45E5-9F51-4E348D446B11}.Debug|Any CPU.Build.0 = Debug|Any CPU
		{37F0DEBA-FC81-45E5-9F51-4E348D446B11}.Release|Any CPU.ActiveCfg = Release|Any CPU
		{37F0DEBA-FC81-45E5-9F51-4E348D446B11}.Release|Any CPU.Build.0 = Release|Any CPU
		{CF20D1CB-D404-40BD-B3F7-B51AD7D2BCA2}.Debug|Any CPU.ActiveCfg = Debug|Any CPU
		{CF20D1CB-D404-40BD-B3F7-B51AD7D2BCA2}.Debug|Any CPU.Build.0 = Debug|Any CPU
		{CF20D1CB-D404-40BD-B3F7-B51AD7D2BCA2}.Release|Any CPU.ActiveCfg = Release|Any CPU
		{CF20D1CB-D404-40BD-B3F7-B51AD7D2BCA2}.Release|Any CPU.Build.0 = Release|Any CPU
		{E026F15D-F365-471B-950B-C2A53E195EC4}.Debug|Any CPU.ActiveCfg = Debug|Any CPU
		{E026F15D-F365-471B-950B-C2A53E195EC4}.Debug|Any CPU.Build.0 = Debug|Any CPU
		{E026F15D-F365-471B-950B-C2A53E195EC4}.Release|Any CPU.ActiveCfg = Release|Any CPU
		{E026F15D-F365-471B-950B-C2A53E195EC4}.Release|Any CPU.Build.0 = Release|Any CPU
		{00FB9521-4ECA-43E5-AD5C-2E13B6F8A326}.Debug|Any CPU.ActiveCfg = Debug|Any CPU
		{00FB9521-4ECA-43E5-AD5C-2E13B6F8A326}.Debug|Any CPU.Build.0 = Debug|Any CPU
		{00FB9521-4ECA-43E5-AD5C-2E13B6F8A326}.Release|Any CPU.ActiveCfg = Release|Any CPU
		{00FB9521-4ECA-43E5-AD5C-2E13B6F8A326}.Release|Any CPU.Build.0 = Release|Any CPU
		{4403572B-DB2E-4972-B104-B7DAE6712197}.Debug|Any CPU.ActiveCfg = Debug|Any CPU
		{4403572B-DB2E-4972-B104-B7DAE6712197}.Debug|Any CPU.Build.0 = Debug|Any CPU
		{4403572B-DB2E-4972-B104-B7DAE6712197}.Release|Any CPU.ActiveCfg = Release|Any CPU
		{4403572B-DB2E-4972-B104-B7DAE6712197}.Release|Any CPU.Build.0 = Release|Any CPU
		{E6930B50-3EB6-4B42-A70A-0A63542B6F1F}.Debug|Any CPU.ActiveCfg = Debug|Any CPU
		{E6930B50-3EB6-4B42-A70A-0A63542B6F1F}.Debug|Any CPU.Build.0 = Debug|Any CPU
		{E6930B50-3EB6-4B42-A70A-0A63542B6F1F}.Release|Any CPU.ActiveCfg = Release|Any CPU
		{E6930B50-3EB6-4B42-A70A-0A63542B6F1F}.Release|Any CPU.Build.0 = Release|Any CPU
		{9E208C41-3931-4A89-A100-3D405453B932}.Debug|Any CPU.ActiveCfg = Debug|Any CPU
		{9E208C41-3931-4A89-A100-3D405453B932}.Debug|Any CPU.Build.0 = Debug|Any CPU
		{9E208C41-3931-4A89-A100-3D405453B932}.Release|Any CPU.ActiveCfg = Release|Any CPU
		{9E208C41-3931-4A89-A100-3D405453B932}.Release|Any CPU.Build.0 = Release|Any CPU
	EndGlobalSection
	GlobalSection(SolutionProperties) = preSolution
		HideSolutionNode = FALSE
	EndGlobalSection
EndGlobal
